// !$*UTF8*$!
{
	archiveVersion = 1;
	classes = {
	};
	objectVersion = 56;
	objects = {

/* Begin PBXBuildFile section */
		F479AB0B2C10829400B42478 /* PadelScoreApp.swift in Sources */ = {isa = PBXBuildFile; fileRef = F479AB0A2C10829400B42478 /* PadelScoreApp.swift */; };
		F479AB0D2C10829400B42478 /* StartView.swift in Sources */ = {isa = PBXBuildFile; fileRef = F479AB0C2C10829400B42478 /* StartView.swift */; };
		F479AB0F2C10829600B42478 /* Assets.xcassets in Resources */ = {isa = PBXBuildFile; fileRef = F479AB0E2C10829600B42478 /* Assets.xcassets */; };
		F479AB122C10829600B42478 /* Preview Assets.xcassets in Resources */ = {isa = PBXBuildFile; fileRef = F479AB112C10829600B42478 /* Preview Assets.xcassets */; };
		F4A3625F2C11C491001E5A4D /* ConfigView.swift in Sources */ = {isa = PBXBuildFile; fileRef = F4A3625E2C11C491001E5A4D /* ConfigView.swift */; };
		F4A362612C11F148001E5A4D /* ScoreView.swift in Sources */ = {isa = PBXBuildFile; fileRef = F4A362602C11F148001E5A4D /* ScoreView.swift */; };
/* End PBXBuildFile section */

/* Begin PBXContainerItemProxy section */
		F4861DBF2C109F9700BB533E /* PBXContainerItemProxy */ = {
			isa = PBXContainerItemProxy;
			containerPortal = F479AAF92C10829400B42478 /* Project object */;
			proxyType = 1;
			remoteGlobalIDString = F479AAFE2C10829400B42478;
			remoteInfo = PadelScore;
		};
/* End PBXContainerItemProxy section */

/* Begin PBXFileReference section */
		F479AB052C10829400B42478 /* PadelScore Watch App.app */ = {isa = PBXFileReference; explicitFileType = wrapper.application; includeInIndex = 0; path = "PadelScore Watch App.app"; sourceTree = BUILT_PRODUCTS_DIR; };
		F479AB0A2C10829400B42478 /* PadelScoreApp.swift */ = {isa = PBXFileReference; lastKnownFileType = sourcecode.swift; path = PadelScoreApp.swift; sourceTree = "<group>"; };
		F479AB0C2C10829400B42478 /* StartView.swift */ = {isa = PBXFileReference; lastKnownFileType = sourcecode.swift; path = StartView.swift; sourceTree = "<group>"; };
		F479AB0E2C10829600B42478 /* Assets.xcassets */ = {isa = PBXFileReference; lastKnownFileType = folder.assetcatalog; path = Assets.xcassets; sourceTree = "<group>"; };
		F479AB112C10829600B42478 /* Preview Assets.xcassets */ = {isa = PBXFileReference; lastKnownFileType = folder.assetcatalog; path = "Preview Assets.xcassets"; sourceTree = "<group>"; };
		F4861DBA2C109F8600BB533E /* PadelScore-Watch-App-Info.plist */ = {isa = PBXFileReference; lastKnownFileType = text.plist; path = "PadelScore-Watch-App-Info.plist"; sourceTree = SOURCE_ROOT; };
		F4A3625E2C11C491001E5A4D /* ConfigView.swift */ = {isa = PBXFileReference; lastKnownFileType = sourcecode.swift; path = ConfigView.swift; sourceTree = "<group>"; };
		F4A362602C11F148001E5A4D /* ScoreView.swift */ = {isa = PBXFileReference; lastKnownFileType = sourcecode.swift; path = ScoreView.swift; sourceTree = "<group>"; };
/* End PBXFileReference section */

/* Begin PBXFrameworksBuildPhase section */
		F479AB022C10829400B42478 /* Frameworks */ = {
			isa = PBXFrameworksBuildPhase;
			buildActionMask = 2147483647;
			files = (
			);
			runOnlyForDeploymentPostprocessing = 0;
		};
/* End PBXFrameworksBuildPhase section */

/* Begin PBXGroup section */
		F479AAF82C10829400B42478 = {
			isa = PBXGroup;
			children = (
				F479AB092C10829400B42478 /* PadelScore Watch App */,
				F479AB002C10829400B42478 /* Products */,
				F4861DBB2C109F8F00BB533E /* Frameworks */,
			);
			sourceTree = "<group>";
		};
		F479AB002C10829400B42478 /* Products */ = {
			isa = PBXGroup;
			children = (
				F479AB052C10829400B42478 /* PadelScore Watch App.app */,
			);
			name = Products;
			sourceTree = "<group>";
		};
		F479AB092C10829400B42478 /* PadelScore Watch App */ = {
			isa = PBXGroup;
			children = (
				F479AB0E2C10829600B42478 /* Assets.xcassets */,
				F4861DBA2C109F8600BB533E /* PadelScore-Watch-App-Info.plist */,
				F479AB0A2C10829400B42478 /* PadelScoreApp.swift */,
				F479AB102C10829600B42478 /* Preview Content */,
				F4A3625D2C11AAF1001E5A4D /* Scenes */,
			);
			path = "PadelScore Watch App";
			sourceTree = "<group>";
		};
		F479AB102C10829600B42478 /* Preview Content */ = {
			isa = PBXGroup;
			children = (
				F479AB112C10829600B42478 /* Preview Assets.xcassets */,
			);
			path = "Preview Content";
			sourceTree = "<group>";
		};
		F4861DBB2C109F8F00BB533E /* Frameworks */ = {
			isa = PBXGroup;
			children = (
			);
			name = Frameworks;
			sourceTree = "<group>";
		};
		F4A3625D2C11AAF1001E5A4D /* Scenes */ = {
			isa = PBXGroup;
			children = (
				F479AB0C2C10829400B42478 /* StartView.swift */,
				F4A3625E2C11C491001E5A4D /* ConfigView.swift */,
				F4A362602C11F148001E5A4D /* ScoreView.swift */,
			);
			path = Scenes;
			sourceTree = "<group>";
		};
/* End PBXGroup section */

/* Begin PBXNativeTarget section */
		F479AB042C10829400B42478 /* PadelScore Watch App */ = {
			isa = PBXNativeTarget;
			buildConfigurationList = F479AB152C10829600B42478 /* Build configuration list for PBXNativeTarget "PadelScore Watch App" */;
			buildPhases = (
				F479AB012C10829400B42478 /* Sources */,
				F479AB022C10829400B42478 /* Frameworks */,
				F479AB032C10829400B42478 /* Resources */,
			);
			buildRules = (
			);
			dependencies = (
				F4861DC02C109F9700BB533E /* PBXTargetDependency */,
			);
			name = "PadelScore Watch App";
			productName = "PadelScore Watch App";
			productReference = F479AB052C10829400B42478 /* PadelScore Watch App.app */;
			productType = "com.apple.product-type.application";
		};
/* End PBXNativeTarget section */

/* Begin PBXProject section */
		F479AAF92C10829400B42478 /* Project object */ = {
			isa = PBXProject;
			attributes = {
				BuildIndependentTargetsInParallel = 1;
				LastSwiftUpdateCheck = 1530;
				LastUpgradeCheck = 1530;
				TargetAttributes = {
					F479AB042C10829400B42478 = {
						CreatedOnToolsVersion = 15.3;
					};
				};
			};
			buildConfigurationList = F479AAFC2C10829400B42478 /* Build configuration list for PBXProject "PadelScore" */;
			compatibilityVersion = "Xcode 14.0";
			developmentRegion = en;
			hasScannedForEncodings = 0;
			knownRegions = (
				en,
				Base,
			);
			mainGroup = F479AAF82C10829400B42478;
			productRefGroup = F479AB002C10829400B42478 /* Products */;
			projectDirPath = "";
			projectRoot = "";
			targets = (
				F479AB042C10829400B42478 /* PadelScore Watch App */,
			);
		};
/* End PBXProject section */

/* Begin PBXResourcesBuildPhase section */
		F479AB032C10829400B42478 /* Resources */ = {
			isa = PBXResourcesBuildPhase;
			buildActionMask = 2147483647;
			files = (
				F479AB122C10829600B42478 /* Preview Assets.xcassets in Resources */,
				F479AB0F2C10829600B42478 /* Assets.xcassets in Resources */,
			);
			runOnlyForDeploymentPostprocessing = 0;
		};
/* End PBXResourcesBuildPhase section */

/* Begin PBXSourcesBuildPhase section */
		F479AB012C10829400B42478 /* Sources */ = {
			isa = PBXSourcesBuildPhase;
			buildActionMask = 2147483647;
			files = (
				F4A3625F2C11C491001E5A4D /* ConfigView.swift in Sources */,
				F4A362612C11F148001E5A4D /* ScoreView.swift in Sources */,
				F479AB0D2C10829400B42478 /* StartView.swift in Sources */,
				F479AB0B2C10829400B42478 /* PadelScoreApp.swift in Sources */,
			);
			runOnlyForDeploymentPostprocessing = 0;
		};
/* End PBXSourcesBuildPhase section */

/* Begin PBXTargetDependency section */
		F4861DC02C109F9700BB533E /* PBXTargetDependency */ = {
			isa = PBXTargetDependency;
			targetProxy = F4861DBF2C109F9700BB533E /* PBXContainerItemProxy */;
		};
/* End PBXTargetDependency section */

/* Begin XCBuildConfiguration section */
		F479AB132C10829600B42478 /* Debug */ = {
			isa = XCBuildConfiguration;
			buildSettings = {
				ALWAYS_SEARCH_USER_PATHS = NO;
				ASSETCATALOG_COMPILER_GENERATE_SWIFT_ASSET_SYMBOL_EXTENSIONS = YES;
				CLANG_ANALYZER_NONNULL = YES;
				CLANG_ANALYZER_NUMBER_OBJECT_CONVERSION = YES_AGGRESSIVE;
				CLANG_CXX_LANGUAGE_STANDARD = "gnu++20";
				CLANG_ENABLE_MODULES = YES;
				CLANG_ENABLE_OBJC_ARC = YES;
				CLANG_ENABLE_OBJC_WEAK = YES;
				CLANG_WARN_BLOCK_CAPTURE_AUTORELEASING = YES;
				CLANG_WARN_BOOL_CONVERSION = YES;
				CLANG_WARN_COMMA = YES;
				CLANG_WARN_CONSTANT_CONVERSION = YES;
				CLANG_WARN_DEPRECATED_OBJC_IMPLEMENTATIONS = YES;
				CLANG_WARN_DIRECT_OBJC_ISA_USAGE = YES_ERROR;
				CLANG_WARN_DOCUMENTATION_COMMENTS = YES;
				CLANG_WARN_EMPTY_BODY = YES;
				CLANG_WARN_ENUM_CONVERSION = YES;
				CLANG_WARN_INFINITE_RECURSION = YES;
				CLANG_WARN_INT_CONVERSION = YES;
				CLANG_WARN_NON_LITERAL_NULL_CONVERSION = YES;
				CLANG_WARN_OBJC_IMPLICIT_RETAIN_SELF = YES;
				CLANG_WARN_OBJC_LITERAL_CONVERSION = YES;
				CLANG_WARN_OBJC_ROOT_CLASS = YES_ERROR;
				CLANG_WARN_QUOTED_INCLUDE_IN_FRAMEWORK_HEADER = YES;
				CLANG_WARN_RANGE_LOOP_ANALYSIS = YES;
				CLANG_WARN_STRICT_PROTOTYPES = YES;
				CLANG_WARN_SUSPICIOUS_MOVE = YES;
				CLANG_WARN_UNGUARDED_AVAILABILITY = YES_AGGRESSIVE;
				CLANG_WARN_UNREACHABLE_CODE = YES;
				CLANG_WARN__DUPLICATE_METHOD_MATCH = YES;
				COPY_PHASE_STRIP = NO;
				DEBUG_INFORMATION_FORMAT = dwarf;
				ENABLE_STRICT_OBJC_MSGSEND = YES;
				ENABLE_TESTABILITY = YES;
				ENABLE_USER_SCRIPT_SANDBOXING = YES;
				GCC_C_LANGUAGE_STANDARD = gnu17;
				GCC_DYNAMIC_NO_PIC = NO;
				GCC_NO_COMMON_BLOCKS = YES;
				GCC_OPTIMIZATION_LEVEL = 0;
				GCC_PREPROCESSOR_DEFINITIONS = (
					"DEBUG=1",
					"$(inherited)",
				);
				GCC_WARN_64_TO_32_BIT_CONVERSION = YES;
				GCC_WARN_ABOUT_RETURN_TYPE = YES_ERROR;
				GCC_WARN_UNDECLARED_SELECTOR = YES;
				GCC_WARN_UNINITIALIZED_AUTOS = YES_AGGRESSIVE;
				GCC_WARN_UNUSED_FUNCTION = YES;
				GCC_WARN_UNUSED_VARIABLE = YES;
				LOCALIZATION_PREFERS_STRING_CATALOGS = YES;
				MTL_ENABLE_DEBUG_INFO = INCLUDE_SOURCE;
				MTL_FAST_MATH = YES;
				ONLY_ACTIVE_ARCH = YES;
				SWIFT_ACTIVE_COMPILATION_CONDITIONS = "DEBUG $(inherited)";
				SWIFT_OPTIMIZATION_LEVEL = "-Onone";
				WATCHOS_DEPLOYMENT_TARGET = 9.0;
			};
			name = Debug;
		};
		F479AB142C10829600B42478 /* Release */ = {
			isa = XCBuildConfiguration;
			buildSettings = {
				ALWAYS_SEARCH_USER_PATHS = NO;
				ASSETCATALOG_COMPILER_GENERATE_SWIFT_ASSET_SYMBOL_EXTENSIONS = YES;
				CLANG_ANALYZER_NONNULL = YES;
				CLANG_ANALYZER_NUMBER_OBJECT_CONVERSION = YES_AGGRESSIVE;
				CLANG_CXX_LANGUAGE_STANDARD = "gnu++20";
				CLANG_ENABLE_MODULES = YES;
				CLANG_ENABLE_OBJC_ARC = YES;
				CLANG_ENABLE_OBJC_WEAK = YES;
				CLANG_WARN_BLOCK_CAPTURE_AUTORELEASING = YES;
				CLANG_WARN_BOOL_CONVERSION = YES;
				CLANG_WARN_COMMA = YES;
				CLANG_WARN_CONSTANT_CONVERSION = YES;
				CLANG_WARN_DEPRECATED_OBJC_IMPLEMENTATIONS = YES;
				CLANG_WARN_DIRECT_OBJC_ISA_USAGE = YES_ERROR;
				CLANG_WARN_DOCUMENTATION_COMMENTS = YES;
				CLANG_WARN_EMPTY_BODY = YES;
				CLANG_WARN_ENUM_CONVERSION = YES;
				CLANG_WARN_INFINITE_RECURSION = YES;
				CLANG_WARN_INT_CONVERSION = YES;
				CLANG_WARN_NON_LITERAL_NULL_CONVERSION = YES;
				CLANG_WARN_OBJC_IMPLICIT_RETAIN_SELF = YES;
				CLANG_WARN_OBJC_LITERAL_CONVERSION = YES;
				CLANG_WARN_OBJC_ROOT_CLASS = YES_ERROR;
				CLANG_WARN_QUOTED_INCLUDE_IN_FRAMEWORK_HEADER = YES;
				CLANG_WARN_RANGE_LOOP_ANALYSIS = YES;
				CLANG_WARN_STRICT_PROTOTYPES = YES;
				CLANG_WARN_SUSPICIOUS_MOVE = YES;
				CLANG_WARN_UNGUARDED_AVAILABILITY = YES_AGGRESSIVE;
				CLANG_WARN_UNREACHABLE_CODE = YES;
				CLANG_WARN__DUPLICATE_METHOD_MATCH = YES;
				COPY_PHASE_STRIP = NO;
				DEBUG_INFORMATION_FORMAT = "dwarf-with-dsym";
				ENABLE_NS_ASSERTIONS = NO;
				ENABLE_STRICT_OBJC_MSGSEND = YES;
				ENABLE_USER_SCRIPT_SANDBOXING = YES;
				GCC_C_LANGUAGE_STANDARD = gnu17;
				GCC_NO_COMMON_BLOCKS = YES;
				GCC_WARN_64_TO_32_BIT_CONVERSION = YES;
				GCC_WARN_ABOUT_RETURN_TYPE = YES_ERROR;
				GCC_WARN_UNDECLARED_SELECTOR = YES;
				GCC_WARN_UNINITIALIZED_AUTOS = YES_AGGRESSIVE;
				GCC_WARN_UNUSED_FUNCTION = YES;
				GCC_WARN_UNUSED_VARIABLE = YES;
				LOCALIZATION_PREFERS_STRING_CATALOGS = YES;
				MTL_ENABLE_DEBUG_INFO = NO;
				MTL_FAST_MATH = YES;
				SWIFT_COMPILATION_MODE = wholemodule;
				WATCHOS_DEPLOYMENT_TARGET = 9.0;
			};
			name = Release;
		};
		F479AB162C10829600B42478 /* Debug */ = {
			isa = XCBuildConfiguration;
			buildSettings = {
				ASSETCATALOG_COMPILER_APPICON_NAME = AppIcon;
				ASSETCATALOG_COMPILER_GLOBAL_ACCENT_COLOR_NAME = AccentColor;
				CODE_SIGN_STYLE = Automatic;
				CURRENT_PROJECT_VERSION = 1;
				DEVELOPMENT_ASSET_PATHS = "\"PadelScore Watch App/Preview Content\"";
				DEVELOPMENT_TEAM = AJ2X5QULJ8;
				ENABLE_PREVIEWS = YES;
				GENERATE_INFOPLIST_FILE = YES;
				INFOPLIST_FILE = "PadelScore-Watch-App-Info.plist";
				INFOPLIST_KEY_CFBundleDisplayName = PadelScore;
				INFOPLIST_KEY_UISupportedInterfaceOrientations = "UIInterfaceOrientationPortrait UIInterfaceOrientationPortraitUpsideDown";
				INFOPLIST_KEY_WKWatchOnly = YES;
				LD_RUNPATH_SEARCH_PATHS = (
					"$(inherited)",
					"@executable_path/Frameworks",
				);
				MARKETING_VERSION = 1.0;
				PRODUCT_BUNDLE_IDENTIFIER = com.arttachdevs.PadelScore.watchkitapp;
				PRODUCT_NAME = "$(TARGET_NAME)";
				SDKROOT = watchos;
				SKIP_INSTALL = YES;
				SUPPORTED_PLATFORMS = "watchsimulator watchos";
				SWIFT_EMIT_LOC_STRINGS = YES;
				SWIFT_VERSION = 5.0;
				TARGETED_DEVICE_FAMILY = 4;
				WATCHOS_DEPLOYMENT_TARGET = 9.0;
			};
			name = Debug;
		};
		F479AB172C10829600B42478 /* Release */ = {
			isa = XCBuildConfiguration;
			buildSettings = {
				ASSETCATALOG_COMPILER_APPICON_NAME = AppIcon;
				ASSETCATALOG_COMPILER_GLOBAL_ACCENT_COLOR_NAME = AccentColor;
				CODE_SIGN_STYLE = Automatic;
				CURRENT_PROJECT_VERSION = 1;
				DEVELOPMENT_ASSET_PATHS = "\"PadelScore Watch App/Preview Content\"";
				DEVELOPMENT_TEAM = AJ2X5QULJ8;
				ENABLE_PREVIEWS = YES;
				GENERATE_INFOPLIST_FILE = YES;
				INFOPLIST_FILE = "PadelScore-Watch-App-Info.plist";
				INFOPLIST_KEY_CFBundleDisplayName = PadelScore;
				INFOPLIST_KEY_UISupportedInterfaceOrientations = "UIInterfaceOrientationPortrait UIInterfaceOrientationPortraitUpsideDown";
				INFOPLIST_KEY_WKWatchOnly = YES;
				LD_RUNPATH_SEARCH_PATHS = (
					"$(inherited)",
					"@executable_path/Frameworks",
				);
				MARKETING_VERSION = 1.0;
				PRODUCT_BUNDLE_IDENTIFIER = com.arttachdevs.PadelScore.watchkitapp;
				PRODUCT_NAME = "$(TARGET_NAME)";
				SDKROOT = watchos;
				SKIP_INSTALL = YES;
				SUPPORTED_PLATFORMS = "watchsimulator watchos";
				SWIFT_EMIT_LOC_STRINGS = YES;
				SWIFT_VERSION = 5.0;
				TARGETED_DEVICE_FAMILY = 4;
				VALIDATE_PRODUCT = YES;
				WATCHOS_DEPLOYMENT_TARGET = 9.0;
			};
			name = Release;
		};
/* End XCBuildConfiguration section */

/* Begin XCConfigurationList section */
		F479AAFC2C10829400B42478 /* Build configuration list for PBXProject "PadelScore" */ = {
			isa = XCConfigurationList;
			buildConfigurations = (
				F479AB132C10829600B42478 /* Debug */,
				F479AB142C10829600B42478 /* Release */,
			);
			defaultConfigurationIsVisible = 0;
			defaultConfigurationName = Release;
		};
		F479AB152C10829600B42478 /* Build configuration list for PBXNativeTarget "PadelScore Watch App" */ = {
			isa = XCConfigurationList;
			buildConfigurations = (
				F479AB162C10829600B42478 /* Debug */,
				F479AB172C10829600B42478 /* Release */,
			);
			defaultConfigurationIsVisible = 0;
			defaultConfigurationName = Release;
		};
/* End XCConfigurationList section */
	};
	rootObject = F479AAF92C10829400B42478 /* Project object */;
}
